<Solution>
  <Folder Name="/01-AspNetCoreRestApiECommerce/">
    <File Path="docker-compose.yml" />
  </Folder>
  <Folder Name="/01-AspNetCoreRestApiECommerce/docs/">
    <File Path="data-access.md" />
    <File Path="deployment-docker.md" />
    <File Path="README.md" />
    <File Path="testing.md" />
  </Folder>
  <Folder Name="/01-AspNetCoreRestApiECommerce/src/">
    <Project Path="01-AspNetCoreRestApiECommerce/src/ECommerce.Application/ECommerce.Application.csproj" />
    <Project Path="01-AspNetCoreRestApiECommerce/src/ECommerce.Domain/ECommerce.Domain.csproj" />
    <Project Path="01-AspNetCoreRestApiECommerce/src/ECommerce.Infrastructure/ECommerce.Infrastructure.csproj" />
    <Project Path="01-AspNetCoreRestApiECommerce/src/ECommerce.WebApi/ECommerce.WebApi.csproj" />
  </Folder>
  <Folder Name="/01-AspNetCoreRestApiECommerce/tests/">
    <Project Path="01-AspNetCoreRestApiECommerce/tests/ECommerce.IntegrationTests/ECommerce.IntegrationTests.csproj" Id="57a55fdf-8da4-48ca-b745-3c9be58ae276" />
    <Project Path="01-AspNetCoreRestApiECommerce/tests/ECommerce.UnitTests/ECommerce.UnitTests.csproj" Id="a4fe2377-cc5e-4b05-a6f2-b4e6b094dae5" />
  </Folder>
</Solution>
